{
  "name": "blog",
  "lockfileVersion": 2,
  "requires": true,
  "packages": {
    "": {
      "dependencies": {
        "trim": "^0.0.3"
      }
    },
    "node_modules/trim": {
      "version": "0.0.3",
      "resolved": "https://registry.npmjs.org/trim/-/trim-0.0.3.tgz",
      "integrity": "sha512-h82ywcYhHK7veeelXrCScdH7HkWfbIT1D/CgYO+nmDarz3SGNssVBMws6jU16Ga60AJCRAvPV6w6RLuNerQqjg=="
    }
  },
  "dependencies": {
    "trim": {
      "version": "0.0.3",
      "resolved": "https://registry.npmjs.org/trim/-/trim-0.0.3.tgz",
      "integrity": "sha512-h82ywcYhHK7veeelXrCScdH7HkWfbIT1D/CgYO+nmDarz3SGNssVBMws6jU16Ga60AJCRAvPV6w6RLuNerQqjg=="
    }
  }
}
